
Microsoft Visual Studio Solution File, Format Version 12.00
# Visual Studio Version 17
VisualStudioVersion = 17.5.33502.453
MinimumVisualStudioVersion = 10.0.40219.1
Project("{8BC9CEB8-8B4A-11D0-8D11-00A0C91BC942}") = "АСД2_Лаб_4", "АСД2_Лаб_4\АСД2_Лаб_4.vcxproj", "{E515DE1D-FCEE-4EE0-9F71-04C143253E60}"
EndProject
Global
	GlobalSection(SolutionConfigurationPlatforms) = preSolution
		Debug|x64 = Debug|x64
		Debug|x86 = Debug|x86
		Release|x64 = Release|x64
		Release|x86 = Release|x86
	EndGlobalSection
	GlobalSection(ProjectConfigurationPlatforms) = postSolution
		{E515DE1D-FCEE-4EE0-9F71-04C143253E60}.Debug|x64.ActiveCfg = Debug|x64
		{E515DE1D-FCEE-4EE0-9F71-04C143253E60}.Debug|x64.Build.0 = Debug|x64
		{E515DE1D-FCEE-4EE0-9F71-04C143253E60}.Debug|x86.ActiveCfg = Debug|Win32
		{E515DE1D-FCEE-4EE0-9F71-04C143253E60}.Debug|x86.Build.0 = Debug|Win32
		{E515DE1D-FCEE-4EE0-9F71-04C143253E60}.Release|x64.ActiveCfg = Release|x64
		{E515DE1D-FCEE-4EE0-9F71-04C143253E60}.Release|x64.Build.0 = Release|x64
		{E515DE1D-FCEE-4EE0-9F71-04C143253E60}.Release|x86.ActiveCfg = Release|Win32
		{E515DE1D-FCEE-4EE0-9F71-04C143253E60}.Release|x86.Build.0 = Release|Win32
	EndGlobalSection
	GlobalSection(SolutionProperties) = preSolution
		HideSolutionNode = FALSE
	EndGlobalSection
	GlobalSection(ExtensibilityGlobals) = postSolution
		SolutionGuid = {15BC665C-316E-4461-A6F1-158974EFAE40}
	EndGlobalSection
EndGlobal
